
Microsoft Visual Studio Solution File, Format Version 12.00
# Visual Studio Version 17
VisualStudioVersion = 17.4.33110.190
MinimumVisualStudioVersion = 10.0.40219.1
Project("{FAE04EC0-301F-11D3-BF4B-00C04F79EFBC}") = "VeterianriaBackApi", "VeterianriaBackApi\VeterianriaBackApi.csproj", "{9BBC7CFC-3C70-4DDC-9DF8-2C38D44BB221}"
EndProject
Global
	GlobalSection(SolutionConfigurationPlatforms) = preSolution
		Debug|Any CPU = Debug|Any CPU
		Release|Any CPU = Release|Any CPU
	EndGlobalSection
	GlobalSection(ProjectConfigurationPlatforms) = postSolution
		{9BBC7CFC-3C70-4DDC-9DF8-2C38D44BB221}.Debug|Any CPU.ActiveCfg = Debug|Any CPU
		{9BBC7CFC-3C70-4DDC-9DF8-2C38D44BB221}.Debug|Any CPU.Build.0 = Debug|Any CPU
		{9BBC7CFC-3C70-4DDC-9DF8-2C38D44BB221}.Release|Any CPU.ActiveCfg = Release|Any CPU
		{9BBC7CFC-3C70-4DDC-9DF8-2C38D44BB221}.Release|Any CPU.Build.0 = Release|Any CPU
	EndGlobalSection
	GlobalSection(SolutionProperties) = preSolution
		HideSolutionNode = FALSE
	EndGlobalSection
	GlobalSection(ExtensibilityGlobals) = postSolution
		SolutionGuid = {77611F90-EC35-4782-A23A-DC990FA833A9}
	EndGlobalSection
EndGlobal
